{
    "_readme": [
        "This file locks the dependencies of your project to a known state",
        "Read more about it at http://getcomposer.org/doc/01-basic-usage.md#composer-lock-the-lock-file",
        "This file is @generated automatically"
    ],
    "hash": "73c9c48e9a00e29bdf3c9c5474183b47",
    "packages": [
        {
            "name": "ml/iri",
            "version": "1.1.4",
            "target-dir": "ML/IRI",
            "source": {
                "type": "git",
                "url": "https://github.com/lanthaler/IRI.git",
                "reference": "cbd44fa913e00ea624241b38cefaa99da8d71341"
            },
            "dist": {
                "type": "zip",
                "url": "https://api.github.com/repos/lanthaler/IRI/zipball/cbd44fa913e00ea624241b38cefaa99da8d71341",
                "reference": "cbd44fa913e00ea624241b38cefaa99da8d71341",
                "shasum": ""
            },
            "require": {
                "lib-pcre": ">=4.0",
                "php": ">=5.3.0"
            },
            "type": "library",
            "autoload": {
                "psr-0": {
                    "ML\\IRI": ""
                }
            },
            "notification-url": "https://packagist.org/downloads/",
            "license": [
                "MIT"
            ],
            "authors": [
                {
                    "name": "Markus Lanthaler",
                    "email": "mail@markus-lanthaler.com",
                    "homepage": "http://www.markus-lanthaler.com",
                    "role": "Developer"
                }
            ],
            "description": "IRI handling for PHP",
            "homepage": "http://www.markus-lanthaler.com",
            "keywords": [
                "URN",
                "iri",
                "uri",
                "url"
            ],
            "time": "2014-01-21 13:43:39"
        },
        {
            "name": "ml/json-ld",
            "version": "1.0.2",
            "target-dir": "ML/JsonLD",
            "source": {
                "type": "git",
                "url": "https://github.com/lanthaler/JsonLD.git",
                "reference": "a5289f418ea60d7c8155e0e9853183f782f6eb00"
            },
            "dist": {
                "type": "zip",
                "url": "https://api.github.com/repos/lanthaler/JsonLD/zipball/a5289f418ea60d7c8155e0e9853183f782f6eb00",
                "reference": "a5289f418ea60d7c8155e0e9853183f782f6eb00",
                "shasum": ""
            },
            "require": {
                "ext-json": "*",
                "ml/iri": ">=1.1.1",
                "php": ">=5.3.0"
            },
            "require-dev": {
                "json-ld/tests": "@dev"
            },
            "type": "library",
            "autoload": {
                "psr-0": {
                    "ML\\JsonLD": ""
                }
            },
            "notification-url": "https://packagist.org/downloads/",
            "license": [
                "MIT"
            ],
            "authors": [
                {
                    "name": "Markus Lanthaler",
                    "email": "mail@markus-lanthaler.com",
                    "homepage": "http://www.markus-lanthaler.com",
                    "role": "Developer"
                }
            ],
            "description": "JSON-LD Processor for PHP",
            "homepage": "http://www.markus-lanthaler.com",
            "keywords": [
                "JSON-LD",
                "jsonld"
            ],
            "time": "2014-07-07 15:10:43"
        }
    ],
    "packages-dev": [],
    "aliases": [],
    "minimum-stability": "stable",
    "stability-flags": [],
    "prefer-stable": false,
    "platform": [],
    "platform-dev": []
}
